// !$*UTF8*$!
{
	archiveVersion = 1;
	classes = {
	};
	objectVersion = 48;
	objects = {

/* Begin PBXBuildFile section */
		28324160200D7C28002E19F7 /* AppDelegate.swift in Sources */ = {isa = PBXBuildFile; fileRef = 2832415F200D7C28002E19F7 /* AppDelegate.swift */; };
		28324162200D7C28002E19F7 /* CategoriesVC.swift in Sources */ = {isa = PBXBuildFile; fileRef = 28324161200D7C28002E19F7 /* CategoriesVC.swift */; };
		28324165200D7C28002E19F7 /* Main.storyboard in Resources */ = {isa = PBXBuildFile; fileRef = 28324163200D7C28002E19F7 /* Main.storyboard */; };
		28324167200D7C28002E19F7 /* Assets.xcassets in Resources */ = {isa = PBXBuildFile; fileRef = 28324166200D7C28002E19F7 /* Assets.xcassets */; };
		2832416A200D7C28002E19F7 /* LaunchScreen.storyboard in Resources */ = {isa = PBXBuildFile; fileRef = 28324168200D7C28002E19F7 /* LaunchScreen.storyboard */; };
		28324175200E8678002E19F7 /* CategoryCell.swift in Sources */ = {isa = PBXBuildFile; fileRef = 28324174200E8678002E19F7 /* CategoryCell.swift */; };
		28324177200E8A14002E19F7 /* Category.swift in Sources */ = {isa = PBXBuildFile; fileRef = 28324176200E8A14002E19F7 /* Category.swift */; };
		2832417A200E8C09002E19F7 /* DataService.swift in Sources */ = {isa = PBXBuildFile; fileRef = 28324179200E8C09002E19F7 /* DataService.swift */; };
		2832417C200FE5A9002E19F7 /* ProductCell.swift in Sources */ = {isa = PBXBuildFile; fileRef = 2832417B200FE5A9002E19F7 /* ProductCell.swift */; };
		2832417E20128A55002E19F7 /* Product.swift in Sources */ = {isa = PBXBuildFile; fileRef = 2832417D20128A55002E19F7 /* Product.swift */; };
		2832418020128E3A002E19F7 /* ProductsVC.swift in Sources */ = {isa = PBXBuildFile; fileRef = 2832417F20128E3A002E19F7 /* ProductsVC.swift */; };
/* End PBXBuildFile section */

/* Begin PBXFileReference section */
		2832415C200D7C28002E19F7 /* CoderSwag.app */ = {isa = PBXFileReference; explicitFileType = wrapper.application; includeInIndex = 0; path = CoderSwag.app; sourceTree = BUILT_PRODUCTS_DIR; };
		2832415F200D7C28002E19F7 /* AppDelegate.swift */ = {isa = PBXFileReference; lastKnownFileType = sourcecode.swift; path = AppDelegate.swift; sourceTree = "<group>"; };
		28324161200D7C28002E19F7 /* CategoriesVC.swift */ = {isa = PBXFileReference; lastKnownFileType = sourcecode.swift; path = CategoriesVC.swift; sourceTree = "<group>"; };
		28324164200D7C28002E19F7 /* Base */ = {isa = PBXFileReference; lastKnownFileType = file.storyboard; name = Base; path = Base.lproj/Main.storyboard; sourceTree = "<group>"; };
		28324166200D7C28002E19F7 /* Assets.xcassets */ = {isa = PBXFileReference; lastKnownFileType = folder.assetcatalog; path = Assets.xcassets; sourceTree = "<group>"; };
		28324169200D7C28002E19F7 /* Base */ = {isa = PBXFileReference; lastKnownFileType = file.storyboard; name = Base; path = Base.lproj/LaunchScreen.storyboard; sourceTree = "<group>"; };
		2832416B200D7C28002E19F7 /* Info.plist */ = {isa = PBXFileReference; lastKnownFileType = text.plist.xml; path = Info.plist; sourceTree = "<group>"; };
		28324174200E8678002E19F7 /* CategoryCell.swift */ = {isa = PBXFileReference; lastKnownFileType = sourcecode.swift; path = CategoryCell.swift; sourceTree = "<group>"; };
		28324176200E8A14002E19F7 /* Category.swift */ = {isa = PBXFileReference; lastKnownFileType = sourcecode.swift; path = Category.swift; sourceTree = "<group>"; };
		28324179200E8C09002E19F7 /* DataService.swift */ = {isa = PBXFileReference; lastKnownFileType = sourcecode.swift; path = DataService.swift; sourceTree = "<group>"; };
		2832417B200FE5A9002E19F7 /* ProductCell.swift */ = {isa = PBXFileReference; lastKnownFileType = sourcecode.swift; path = ProductCell.swift; sourceTree = "<group>"; };
		2832417D20128A55002E19F7 /* Product.swift */ = {isa = PBXFileReference; lastKnownFileType = sourcecode.swift; path = Product.swift; sourceTree = "<group>"; };
		2832417F20128E3A002E19F7 /* ProductsVC.swift */ = {isa = PBXFileReference; lastKnownFileType = sourcecode.swift; path = ProductsVC.swift; sourceTree = "<group>"; };
/* End PBXFileReference section */

/* Begin PBXFrameworksBuildPhase section */
		28324159200D7C28002E19F7 /* Frameworks */ = {
			isa = PBXFrameworksBuildPhase;
			buildActionMask = 2147483647;
			files = (
			);
			runOnlyForDeploymentPostprocessing = 0;
		};
/* End PBXFrameworksBuildPhase section */

/* Begin PBXGroup section */
		28324153200D7C28002E19F7 = {
			isa = PBXGroup;
			children = (
				2832415E200D7C28002E19F7 /* CoderSwag */,
				2832415D200D7C28002E19F7 /* Products */,
			);
			sourceTree = "<group>";
		};
		2832415D200D7C28002E19F7 /* Products */ = {
			isa = PBXGroup;
			children = (
				2832415C200D7C28002E19F7 /* CoderSwag.app */,
			);
			name = Products;
			sourceTree = "<group>";
		};
		2832415E200D7C28002E19F7 /* CoderSwag */ = {
			isa = PBXGroup;
			children = (
				28324178200E8BF1002E19F7 /* Services */,
				28324173200E85DD002E19F7 /* View */,
				28324172200E85CA002E19F7 /* Model */,
				28324171200E85BA002E19F7 /* Controller */,
				2832415F200D7C28002E19F7 /* AppDelegate.swift */,
				28324163200D7C28002E19F7 /* Main.storyboard */,
				28324166200D7C28002E19F7 /* Assets.xcassets */,
				28324168200D7C28002E19F7 /* LaunchScreen.storyboard */,
				2832416B200D7C28002E19F7 /* Info.plist */,
			);
			path = CoderSwag;
			sourceTree = "<group>";
		};
		28324171200E85BA002E19F7 /* Controller */ = {
			isa = PBXGroup;
			children = (
				28324161200D7C28002E19F7 /* CategoriesVC.swift */,
				2832417F20128E3A002E19F7 /* ProductsVC.swift */,
			);
			path = Controller;
			sourceTree = "<group>";
		};
		28324172200E85CA002E19F7 /* Model */ = {
			isa = PBXGroup;
			children = (
				28324176200E8A14002E19F7 /* Category.swift */,
				2832417D20128A55002E19F7 /* Product.swift */,
			);
			path = Model;
			sourceTree = "<group>";
		};
		28324173200E85DD002E19F7 /* View */ = {
			isa = PBXGroup;
			children = (
				28324174200E8678002E19F7 /* CategoryCell.swift */,
				2832417B200FE5A9002E19F7 /* ProductCell.swift */,
			);
			path = View;
			sourceTree = "<group>";
		};
		28324178200E8BF1002E19F7 /* Services */ = {
			isa = PBXGroup;
			children = (
				28324179200E8C09002E19F7 /* DataService.swift */,
			);
			path = Services;
			sourceTree = "<group>";
		};
/* End PBXGroup section */

/* Begin PBXNativeTarget section */
		2832415B200D7C28002E19F7 /* CoderSwag */ = {
			isa = PBXNativeTarget;
			buildConfigurationList = 2832416E200D7C28002E19F7 /* Build configuration list for PBXNativeTarget "CoderSwag" */;
			buildPhases = (
				28324158200D7C28002E19F7 /* Sources */,
				28324159200D7C28002E19F7 /* Frameworks */,
				2832415A200D7C28002E19F7 /* Resources */,
			);
			buildRules = (
			);
			dependencies = (
			);
			name = CoderSwag;
			productName = CoderSwag;
			productReference = 2832415C200D7C28002E19F7 /* CoderSwag.app */;
			productType = "com.apple.product-type.application";
		};
/* End PBXNativeTarget section */

/* Begin PBXProject section */
		28324154200D7C28002E19F7 /* Project object */ = {
			isa = PBXProject;
			attributes = {
				LastSwiftUpdateCheck = 0920;
				LastUpgradeCheck = 0920;
				ORGANIZATIONNAME = "Bari Abdul";
				TargetAttributes = {
					2832415B200D7C28002E19F7 = {
						CreatedOnToolsVersion = 9.2;
						ProvisioningStyle = Automatic;
					};
				};
			};
			buildConfigurationList = 28324157200D7C28002E19F7 /* Build configuration list for PBXProject "CoderSwag" */;
			compatibilityVersion = "Xcode 8.0";
			developmentRegion = en;
			hasScannedForEncodings = 0;
			knownRegions = (
				en,
				Base,
			);
			mainGroup = 28324153200D7C28002E19F7;
			productRefGroup = 2832415D200D7C28002E19F7 /* Products */;
			projectDirPath = "";
			projectRoot = "";
			targets = (
				2832415B200D7C28002E19F7 /* CoderSwag */,
			);
		};
/* End PBXProject section */

/* Begin PBXResourcesBuildPhase section */
		2832415A200D7C28002E19F7 /* Resources */ = {
			isa = PBXResourcesBuildPhase;
			buildActionMask = 2147483647;
			files = (
				2832416A200D7C28002E19F7 /* LaunchScreen.storyboard in Resources */,
				28324167200D7C28002E19F7 /* Assets.xcassets in Resources */,
				28324165200D7C28002E19F7 /* Main.storyboard in Resources */,
			);
			runOnlyForDeploymentPostprocessing = 0;
		};
/* End PBXResourcesBuildPhase section */

/* Begin PBXSourcesBuildPhase section */
		28324158200D7C28002E19F7 /* Sources */ = {
			isa = PBXSourcesBuildPhase;
			buildActionMask = 2147483647;
			files = (
				2832418020128E3A002E19F7 /* ProductsVC.swift in Sources */,
				28324162200D7C28002E19F7 /* CategoriesVC.swift in Sources */,
				28324160200D7C28002E19F7 /* AppDelegate.swift in Sources */,
				28324175200E8678002E19F7 /* CategoryCell.swift in Sources */,
				2832417C200FE5A9002E19F7 /* ProductCell.swift in Sources */,
				28324177200E8A14002E19F7 /* Category.swift in Sources */,
				2832417A200E8C09002E19F7 /* DataService.swift in Sources */,
				2832417E20128A55002E19F7 /* Product.swift in Sources */,
			);
			runOnlyForDeploymentPostprocessing = 0;
		};
/* End PBXSourcesBuildPhase section */

/* Begin PBXVariantGroup section */
		28324163200D7C28002E19F7 /* Main.storyboard */ = {
			isa = PBXVariantGroup;
			children = (
				28324164200D7C28002E19F7 /* Base */,
			);
			name = Main.storyboard;
			sourceTree = "<group>";
		};
		28324168200D7C28002E19F7 /* LaunchScreen.storyboard */ = {
			isa = PBXVariantGroup;
			children = (
				28324169200D7C28002E19F7 /* Base */,
			);
			name = LaunchScreen.storyboard;
			sourceTree = "<group>";
		};
/* End PBXVariantGroup section */

/* Begin XCBuildConfiguration section */
		2832416C200D7C28002E19F7 /* Debug */ = {
			isa = XCBuildConfiguration;
			buildSettings = {
				ALWAYS_SEARCH_USER_PATHS = NO;
				CLANG_ANALYZER_NONNULL = YES;
				CLANG_ANALYZER_NUMBER_OBJECT_CONVERSION = YES_AGGRESSIVE;
				CLANG_CXX_LANGUAGE_STANDARD = "gnu++14";
				CLANG_CXX_LIBRARY = "libc++";
				CLANG_ENABLE_MODULES = YES;
				CLANG_ENABLE_OBJC_ARC = YES;
				CLANG_WARN_BLOCK_CAPTURE_AUTORELEASING = YES;
				CLANG_WARN_BOOL_CONVERSION = YES;
				CLANG_WARN_COMMA = YES;
				CLANG_WARN_CONSTANT_CONVERSION = YES;
				CLANG_WARN_DIRECT_OBJC_ISA_USAGE = YES_ERROR;
				CLANG_WARN_DOCUMENTATION_COMMENTS = YES;
				CLANG_WARN_EMPTY_BODY = YES;
				CLANG_WARN_ENUM_CONVERSION = YES;
				CLANG_WARN_INFINITE_RECURSION = YES;
				CLANG_WARN_INT_CONVERSION = YES;
				CLANG_WARN_NON_LITERAL_NULL_CONVERSION = YES;
				CLANG_WARN_OBJC_LITERAL_CONVERSION = YES;
				CLANG_WARN_OBJC_ROOT_CLASS = YES_ERROR;
				CLANG_WARN_RANGE_LOOP_ANALYSIS = YES;
				CLANG_WARN_STRICT_PROTOTYPES = YES;
				CLANG_WARN_SUSPICIOUS_MOVE = YES;
				CLANG_WARN_UNGUARDED_AVAILABILITY = YES_AGGRESSIVE;
				CLANG_WARN_UNREACHABLE_CODE = YES;
				CLANG_WARN__DUPLICATE_METHOD_MATCH = YES;
				CODE_SIGN_IDENTITY = "iPhone Developer";
				COPY_PHASE_STRIP = NO;
				DEBUG_INFORMATION_FORMAT = dwarf;
				ENABLE_STRICT_OBJC_MSGSEND = YES;
				ENABLE_TESTABILITY = YES;
				GCC_C_LANGUAGE_STANDARD = gnu11;
				GCC_DYNAMIC_NO_PIC = NO;
				GCC_NO_COMMON_BLOCKS = YES;
				GCC_OPTIMIZATION_LEVEL = 0;
				GCC_PREPROCESSOR_DEFINITIONS = (
					"DEBUG=1",
					"$(inherited)",
				);
				GCC_WARN_64_TO_32_BIT_CONVERSION = YES;
				GCC_WARN_ABOUT_RETURN_TYPE = YES_ERROR;
				GCC_WARN_UNDECLARED_SELECTOR = YES;
				GCC_WARN_UNINITIALIZED_AUTOS = YES_AGGRESSIVE;
				GCC_WARN_UNUSED_FUNCTION = YES;
				GCC_WARN_UNUSED_VARIABLE = YES;
				IPHONEOS_DEPLOYMENT_TARGET = 11.2;
				MTL_ENABLE_DEBUG_INFO = YES;
				ONLY_ACTIVE_ARCH = YES;
				SDKROOT = iphoneos;
				SWIFT_ACTIVE_COMPILATION_CONDITIONS = DEBUG;
				SWIFT_OPTIMIZATION_LEVEL = "-Onone";
			};
			name = Debug;
		};
		2832416D200D7C28002E19F7 /* Release */ = {
			isa = XCBuildConfiguration;
			buildSettings = {
				ALWAYS_SEARCH_USER_PATHS = NO;
				CLANG_ANALYZER_NONNULL = YES;
				CLANG_ANALYZER_NUMBER_OBJECT_CONVERSION = YES_AGGRESSIVE;
				CLANG_CXX_LANGUAGE_STANDARD = "gnu++14";
				CLANG_CXX_LIBRARY = "libc++";
				CLANG_ENABLE_MODULES = YES;
				CLANG_ENABLE_OBJC_ARC = YES;
				CLANG_WARN_BLOCK_CAPTURE_AUTORELEASING = YES;
				CLANG_WARN_BOOL_CONVERSION = YES;
				CLANG_WARN_COMMA = YES;
				CLANG_WARN_CONSTANT_CONVERSION = YES;
				CLANG_WARN_DIRECT_OBJC_ISA_USAGE = YES_ERROR;
				CLANG_WARN_DOCUMENTATION_COMMENTS = YES;
				CLANG_WARN_EMPTY_BODY = YES;
				CLANG_WARN_ENUM_CONVERSION = YES;
				CLANG_WARN_INFINITE_RECURSION = YES;
				CLANG_WARN_INT_CONVERSION = YES;
				CLANG_WARN_NON_LITERAL_NULL_CONVERSION = YES;
				CLANG_WARN_OBJC_LITERAL_CONVERSION = YES;
				CLANG_WARN_OBJC_ROOT_CLASS = YES_ERROR;
				CLANG_WARN_RANGE_LOOP_ANALYSIS = YES;
				CLANG_WARN_STRICT_PROTOTYPES = YES;
				CLANG_WARN_SUSPICIOUS_MOVE = YES;
				CLANG_WARN_UNGUARDED_AVAILABILITY = YES_AGGRESSIVE;
				CLANG_WARN_UNREACHABLE_CODE = YES;
				CLANG_WARN__DUPLICATE_METHOD_MATCH = YES;
				CODE_SIGN_IDENTITY = "iPhone Developer";
				COPY_PHASE_STRIP = NO;
				DEBUG_INFORMATION_FORMAT = "dwarf-with-dsym";
				ENABLE_NS_ASSERTIONS = NO;
				ENABLE_STRICT_OBJC_MSGSEND = YES;
				GCC_C_LANGUAGE_STANDARD = gnu11;
				GCC_NO_COMMON_BLOCKS = YES;
				GCC_WARN_64_TO_32_BIT_CONVERSION = YES;
				GCC_WARN_ABOUT_RETURN_TYPE = YES_ERROR;
				GCC_WARN_UNDECLARED_SELECTOR = YES;
				GCC_WARN_UNINITIALIZED_AUTOS = YES_AGGRESSIVE;
				GCC_WARN_UNUSED_FUNCTION = YES;
				GCC_WARN_UNUSED_VARIABLE = YES;
				IPHONEOS_DEPLOYMENT_TARGET = 11.2;
				MTL_ENABLE_DEBUG_INFO = NO;
				SDKROOT = iphoneos;
				SWIFT_OPTIMIZATION_LEVEL = "-Owholemodule";
				VALIDATE_PRODUCT = YES;
			};
			name = Release;
		};
		2832416F200D7C28002E19F7 /* Debug */ = {
			isa = XCBuildConfiguration;
			buildSettings = {
				ASSETCATALOG_COMPILER_APPICON_NAME = AppIcon;
				CODE_SIGN_STYLE = Automatic;
				INFOPLIST_FILE = CoderSwag/Info.plist;
				LD_RUNPATH_SEARCH_PATHS = "$(inherited) @executable_path/Frameworks";
				PRODUCT_BUNDLE_IDENTIFIER = com.bariabdul.CoderSwag;
				PRODUCT_NAME = "$(TARGET_NAME)";
				SWIFT_VERSION = 4.0;
				TARGETED_DEVICE_FAMILY = "1,2";
			};
			name = Debug;
		};
		28324170200D7C28002E19F7 /* Release */ = {
			isa = XCBuildConfiguration;
			buildSettings = {
				ASSETCATALOG_COMPILER_APPICON_NAME = AppIcon;
				CODE_SIGN_STYLE = Automatic;
				INFOPLIST_FILE = CoderSwag/Info.plist;
				LD_RUNPATH_SEARCH_PATHS = "$(inherited) @executable_path/Frameworks";
				PRODUCT_BUNDLE_IDENTIFIER = com.bariabdul.CoderSwag;
				PRODUCT_NAME = "$(TARGET_NAME)";
				SWIFT_VERSION = 4.0;
				TARGETED_DEVICE_FAMILY = "1,2";
			};
			name = Release;
		};
/* End XCBuildConfiguration section */

/* Begin XCConfigurationList section */
		28324157200D7C28002E19F7 /* Build configuration list for PBXProject "CoderSwag" */ = {
			isa = XCConfigurationList;
			buildConfigurations = (
				2832416C200D7C28002E19F7 /* Debug */,
				2832416D200D7C28002E19F7 /* Release */,
			);
			defaultConfigurationIsVisible = 0;
			defaultConfigurationName = Release;
		};
		2832416E200D7C28002E19F7 /* Build configuration list for PBXNativeTarget "CoderSwag" */ = {
			isa = XCConfigurationList;
			buildConfigurations = (
				2832416F200D7C28002E19F7 /* Debug */,
				28324170200D7C28002E19F7 /* Release */,
			);
			defaultConfigurationIsVisible = 0;
			defaultConfigurationName = Release;
		};
/* End XCConfigurationList section */
	};
	rootObject = 28324154200D7C28002E19F7 /* Project object */;
}
